
Microsoft Visual Studio Solution File, Format Version 12.00
# Visual Studio Version 16
VisualStudioVersion = 16.0.31702.278
MinimumVisualStudioVersion = 10.0.40219.1
Project("{8BC9CEB8-8B4A-11D0-8D11-00A0C91BC942}") = "allHomeworks", "allHomeworks\allHomeworks.vcxproj", "{F4DBBDD6-7687-452D-96CA-172ACFDB43B9}"
EndProject
Global
	GlobalSection(SolutionConfigurationPlatforms) = preSolution
		Debug|x64 = Debug|x64
		Debug|x86 = Debug|x86
		Release|x64 = Release|x64
		Release|x86 = Release|x86
	EndGlobalSection
	GlobalSection(ProjectConfigurationPlatforms) = postSolution
		{F4DBBDD6-7687-452D-96CA-172ACFDB43B9}.Debug|x64.ActiveCfg = Debug|x64
		{F4DBBDD6-7687-452D-96CA-172ACFDB43B9}.Debug|x64.Build.0 = Debug|x64
		{F4DBBDD6-7687-452D-96CA-172ACFDB43B9}.Debug|x86.ActiveCfg = Debug|Win32
		{F4DBBDD6-7687-452D-96CA-172ACFDB43B9}.Debug|x86.Build.0 = Debug|Win32
		{F4DBBDD6-7687-452D-96CA-172ACFDB43B9}.Release|x64.ActiveCfg = Release|x64
		{F4DBBDD6-7687-452D-96CA-172ACFDB43B9}.Release|x64.Build.0 = Release|x64
		{F4DBBDD6-7687-452D-96CA-172ACFDB43B9}.Release|x86.ActiveCfg = Release|Win32
		{F4DBBDD6-7687-452D-96CA-172ACFDB43B9}.Release|x86.Build.0 = Release|Win32
	EndGlobalSection
	GlobalSection(SolutionProperties) = preSolution
		HideSolutionNode = FALSE
	EndGlobalSection
	GlobalSection(ExtensibilityGlobals) = postSolution
		SolutionGuid = {AE84F7A8-52BF-4F4C-8AFE-F834778ACF08}
	EndGlobalSection
EndGlobal
